
Microsoft Visual Studio Solution File, Format Version 12.00
# Visual Studio Version 17
VisualStudioVersion = 17.3.32825.248
MinimumVisualStudioVersion = 10.0.40219.1
Project("{FAE04EC0-301F-11D3-BF4B-00C04F79EFBC}") = "ExecutionProject", "ExecutionProject\ExecutionProject.csproj", "{003C95C3-277D-4C17-8FB3-21427D2A9672}"
EndProject
Project("{FAE04EC0-301F-11D3-BF4B-00C04F79EFBC}") = "BIL", "BIL\BIL.csproj", "{92C682E3-0580-4118-BCE8-286CF4468359}"
EndProject
Project("{FAE04EC0-301F-11D3-BF4B-00C04F79EFBC}") = "DAL", "DAL\DAL.csproj", "{4E14BC37-87C6-4F01-863A-DADC97559634}"
EndProject
Global
	GlobalSection(SolutionConfigurationPlatforms) = preSolution
		Debug|Any CPU = Debug|Any CPU
		Release|Any CPU = Release|Any CPU
	EndGlobalSection
	GlobalSection(ProjectConfigurationPlatforms) = postSolution
		{003C95C3-277D-4C17-8FB3-21427D2A9672}.Debug|Any CPU.ActiveCfg = Debug|Any CPU
		{003C95C3-277D-4C17-8FB3-21427D2A9672}.Debug|Any CPU.Build.0 = Debug|Any CPU
		{003C95C3-277D-4C17-8FB3-21427D2A9672}.Release|Any CPU.ActiveCfg = Release|Any CPU
		{003C95C3-277D-4C17-8FB3-21427D2A9672}.Release|Any CPU.Build.0 = Release|Any CPU
		{92C682E3-0580-4118-BCE8-286CF4468359}.Debug|Any CPU.ActiveCfg = Debug|Any CPU
		{92C682E3-0580-4118-BCE8-286CF4468359}.Debug|Any CPU.Build.0 = Debug|Any CPU
		{92C682E3-0580-4118-BCE8-286CF4468359}.Release|Any CPU.ActiveCfg = Release|Any CPU
		{92C682E3-0580-4118-BCE8-286CF4468359}.Release|Any CPU.Build.0 = Release|Any CPU
		{4E14BC37-87C6-4F01-863A-DADC97559634}.Debug|Any CPU.ActiveCfg = Debug|Any CPU
		{4E14BC37-87C6-4F01-863A-DADC97559634}.Debug|Any CPU.Build.0 = Debug|Any CPU
		{4E14BC37-87C6-4F01-863A-DADC97559634}.Release|Any CPU.ActiveCfg = Release|Any CPU
		{4E14BC37-87C6-4F01-863A-DADC97559634}.Release|Any CPU.Build.0 = Release|Any CPU
	EndGlobalSection
	GlobalSection(SolutionProperties) = preSolution
		HideSolutionNode = FALSE
	EndGlobalSection
	GlobalSection(ExtensibilityGlobals) = postSolution
		SolutionGuid = {B9EAE3DA-E301-4E73-AF1F-22E4E3E76810}
	EndGlobalSection
EndGlobal
